
Microsoft Visual Studio Solution File, Format Version 12.00
# Visual Studio Version 16
VisualStudioVersion = 16.0.30114.105
MinimumVisualStudioVersion = 10.0.40219.1
Project("{2150E333-8FDC-42A3-9474-1A3956D46DE8}") = "src", "src", "{FA107EC9-3997-48E7-AED4-6886A8AAE273}"
EndProject
Project("{FAE04EC0-301F-11D3-BF4B-00C04F79EFBC}") = "jiraF.Member.API", "src\jiraF.Member.API\jiraF.Member.API.csproj", "{67BA4D7B-8863-4C2B-8FD0-D99A1D3DE0FD}"
EndProject
Project("{FAE04EC0-301F-11D3-BF4B-00C04F79EFBC}") = "jiraF.Member.EndToEndTests", "src\jiraF.Member.EndToEndTests\jiraF.Member.EndToEndTests.csproj", "{A9D130F2-65F8-4A7E-9EE1-00F7F3B5A852}"
EndProject
Global
	GlobalSection(SolutionConfigurationPlatforms) = preSolution
		Debug|Any CPU = Debug|Any CPU
		Release|Any CPU = Release|Any CPU
	EndGlobalSection
	GlobalSection(SolutionProperties) = preSolution
		HideSolutionNode = FALSE
	EndGlobalSection
	GlobalSection(ProjectConfigurationPlatforms) = postSolution
		{67BA4D7B-8863-4C2B-8FD0-D99A1D3DE0FD}.Debug|Any CPU.ActiveCfg = Debug|Any CPU
		{67BA4D7B-8863-4C2B-8FD0-D99A1D3DE0FD}.Debug|Any CPU.Build.0 = Debug|Any CPU
		{67BA4D7B-8863-4C2B-8FD0-D99A1D3DE0FD}.Release|Any CPU.ActiveCfg = Release|Any CPU
		{67BA4D7B-8863-4C2B-8FD0-D99A1D3DE0FD}.Release|Any CPU.Build.0 = Release|Any CPU
		{A9D130F2-65F8-4A7E-9EE1-00F7F3B5A852}.Debug|Any CPU.ActiveCfg = Debug|Any CPU
		{A9D130F2-65F8-4A7E-9EE1-00F7F3B5A852}.Debug|Any CPU.Build.0 = Debug|Any CPU
		{A9D130F2-65F8-4A7E-9EE1-00F7F3B5A852}.Release|Any CPU.ActiveCfg = Release|Any CPU
		{A9D130F2-65F8-4A7E-9EE1-00F7F3B5A852}.Release|Any CPU.Build.0 = Release|Any CPU
	EndGlobalSection
	GlobalSection(NestedProjects) = preSolution
		{67BA4D7B-8863-4C2B-8FD0-D99A1D3DE0FD} = {FA107EC9-3997-48E7-AED4-6886A8AAE273}
		{A9D130F2-65F8-4A7E-9EE1-00F7F3B5A852} = {FA107EC9-3997-48E7-AED4-6886A8AAE273}
	EndGlobalSection
EndGlobal
